
Microsoft Visual Studio Solution File, Format Version 12.00
# Visual Studio Version 17
VisualStudioVersion = 17.2.32630.192
MinimumVisualStudioVersion = 10.0.40219.1
Project("{9A19103F-16F7-4668-BE54-9A1E7A4F7556}") = "BessilLanguage", "BessilLanguage\BessilLanguage.csproj", "{8C69A7D5-AC72-47F0-B37E-3BE40919DA67}"
EndProject
Project("{FAE04EC0-301F-11D3-BF4B-00C04F79EFBC}") = "BessilVM", "BessilVM\BessilVM.csproj", "{9652199C-E82C-4958-A47B-54DF8AC3980F}"
EndProject
Global
	GlobalSection(SolutionConfigurationPlatforms) = preSolution
		Debug|Any CPU = Debug|Any CPU
		Debug|x64 = Debug|x64
		Debug|x86 = Debug|x86
		Release|Any CPU = Release|Any CPU
		Release|x64 = Release|x64
		Release|x86 = Release|x86
	EndGlobalSection
	GlobalSection(ProjectConfigurationPlatforms) = postSolution
		{8C69A7D5-AC72-47F0-B37E-3BE40919DA67}.Debug|Any CPU.ActiveCfg = Debug|Any CPU
		{8C69A7D5-AC72-47F0-B37E-3BE40919DA67}.Debug|Any CPU.Build.0 = Debug|Any CPU
		{8C69A7D5-AC72-47F0-B37E-3BE40919DA67}.Debug|x64.ActiveCfg = Debug|Any CPU
		{8C69A7D5-AC72-47F0-B37E-3BE40919DA67}.Debug|x64.Build.0 = Debug|Any CPU
		{8C69A7D5-AC72-47F0-B37E-3BE40919DA67}.Debug|x86.ActiveCfg = Debug|Any CPU
		{8C69A7D5-AC72-47F0-B37E-3BE40919DA67}.Debug|x86.Build.0 = Debug|Any CPU
		{8C69A7D5-AC72-47F0-B37E-3BE40919DA67}.Release|Any CPU.ActiveCfg = Release|Any CPU
		{8C69A7D5-AC72-47F0-B37E-3BE40919DA67}.Release|Any CPU.Build.0 = Release|Any CPU
		{8C69A7D5-AC72-47F0-B37E-3BE40919DA67}.Release|x64.ActiveCfg = Release|Any CPU
		{8C69A7D5-AC72-47F0-B37E-3BE40919DA67}.Release|x64.Build.0 = Release|Any CPU
		{8C69A7D5-AC72-47F0-B37E-3BE40919DA67}.Release|x86.ActiveCfg = Release|Any CPU
		{8C69A7D5-AC72-47F0-B37E-3BE40919DA67}.Release|x86.Build.0 = Release|Any CPU
		{9652199C-E82C-4958-A47B-54DF8AC3980F}.Debug|Any CPU.ActiveCfg = Debug|Any CPU
		{9652199C-E82C-4958-A47B-54DF8AC3980F}.Debug|Any CPU.Build.0 = Debug|Any CPU
		{9652199C-E82C-4958-A47B-54DF8AC3980F}.Debug|x64.ActiveCfg = Debug|Any CPU
		{9652199C-E82C-4958-A47B-54DF8AC3980F}.Debug|x64.Build.0 = Debug|Any CPU
		{9652199C-E82C-4958-A47B-54DF8AC3980F}.Debug|x86.ActiveCfg = Debug|Any CPU
		{9652199C-E82C-4958-A47B-54DF8AC3980F}.Debug|x86.Build.0 = Debug|Any CPU
		{9652199C-E82C-4958-A47B-54DF8AC3980F}.Release|Any CPU.ActiveCfg = Release|Any CPU
		{9652199C-E82C-4958-A47B-54DF8AC3980F}.Release|Any CPU.Build.0 = Release|Any CPU
		{9652199C-E82C-4958-A47B-54DF8AC3980F}.Release|x64.ActiveCfg = Release|Any CPU
		{9652199C-E82C-4958-A47B-54DF8AC3980F}.Release|x64.Build.0 = Release|Any CPU
		{9652199C-E82C-4958-A47B-54DF8AC3980F}.Release|x86.ActiveCfg = Release|Any CPU
		{9652199C-E82C-4958-A47B-54DF8AC3980F}.Release|x86.Build.0 = Release|Any CPU
	EndGlobalSection
	GlobalSection(SolutionProperties) = preSolution
		HideSolutionNode = FALSE
	EndGlobalSection
	GlobalSection(ExtensibilityGlobals) = postSolution
		SolutionGuid = {EFAAB773-C7E5-463A-BDDF-8588947D9657}
	EndGlobalSection
EndGlobal
